
Microsoft Visual Studio Solution File, Format Version 12.00
# Visual Studio Version 16
VisualStudioVersion = 16.0.30517.126
MinimumVisualStudioVersion = 10.0.40219.1
Project("{FAE04EC0-301F-11D3-BF4B-00C04F79EFBC}") = "lab4", "lab4\lab4.csproj", "{958197C1-968A-481A-940B-8C30B79807FD}"
EndProject
Global
	GlobalSection(SolutionConfigurationPlatforms) = preSolution
		Debug|Any CPU = Debug|Any CPU
		Release|Any CPU = Release|Any CPU
	EndGlobalSection
	GlobalSection(ProjectConfigurationPlatforms) = postSolution
		{958197C1-968A-481A-940B-8C30B79807FD}.Debug|Any CPU.ActiveCfg = Debug|Any CPU
		{958197C1-968A-481A-940B-8C30B79807FD}.Debug|Any CPU.Build.0 = Debug|Any CPU
		{958197C1-968A-481A-940B-8C30B79807FD}.Release|Any CPU.ActiveCfg = Release|Any CPU
		{958197C1-968A-481A-940B-8C30B79807FD}.Release|Any CPU.Build.0 = Release|Any CPU
	EndGlobalSection
	GlobalSection(SolutionProperties) = preSolution
		HideSolutionNode = FALSE
	EndGlobalSection
	GlobalSection(ExtensibilityGlobals) = postSolution
		SolutionGuid = {7855D1D6-F459-433B-9B12-0A006172E43A}
	EndGlobalSection
EndGlobal
